// !$*UTF8*$!
{
	archiveVersion = 1;
	classes = {
	};
	objectVersion = 56;
	objects = {

/* Begin PBXBuildFile section */
		08990D812C4591D1004A39DB /* InfiniteScrollableCarouselApp.swift in Sources */ = {isa = PBXBuildFile; fileRef = 08990D802C4591D1004A39DB /* InfiniteScrollableCarouselApp.swift */; };
		08990D832C4591D1004A39DB /* ContentView.swift in Sources */ = {isa = PBXBuildFile; fileRef = 08990D822C4591D1004A39DB /* ContentView.swift */; };
		08990D852C4591D2004A39DB /* Assets.xcassets in Resources */ = {isa = PBXBuildFile; fileRef = 08990D842C4591D2004A39DB /* Assets.xcassets */; };
		08990D882C4591D2004A39DB /* Preview Assets.xcassets in Resources */ = {isa = PBXBuildFile; fileRef = 08990D872C4591D2004A39DB /* Preview Assets.xcassets */; };
		08990D922C4591D3004A39DB /* InfiniteScrollableCarouselTests.swift in Sources */ = {isa = PBXBuildFile; fileRef = 08990D912C4591D3004A39DB /* InfiniteScrollableCarouselTests.swift */; };
		08990D9C2C4591D3004A39DB /* InfiniteScrollableCarouselUITests.swift in Sources */ = {isa = PBXBuildFile; fileRef = 08990D9B2C4591D3004A39DB /* InfiniteScrollableCarouselUITests.swift */; };
		08990D9E2C4591D3004A39DB /* InfiniteScrollableCarouselUITestsLaunchTests.swift in Sources */ = {isa = PBXBuildFile; fileRef = 08990D9D2C4591D3004A39DB /* InfiniteScrollableCarouselUITestsLaunchTests.swift */; };
		08990DAB2C4591F6004A39DB /* InfiniteScrollableCarousel.swift in Sources */ = {isa = PBXBuildFile; fileRef = 08990DAA2C4591F6004A39DB /* InfiniteScrollableCarousel.swift */; };
/* End PBXBuildFile section */

/* Begin PBXContainerItemProxy section */
		08990D8E2C4591D3004A39DB /* PBXContainerItemProxy */ = {
			isa = PBXContainerItemProxy;
			containerPortal = 08990D752C4591D1004A39DB /* Project object */;
			proxyType = 1;
			remoteGlobalIDString = 08990D7C2C4591D1004A39DB;
			remoteInfo = InfiniteScrollableCarousel;
		};
		08990D982C4591D3004A39DB /* PBXContainerItemProxy */ = {
			isa = PBXContainerItemProxy;
			containerPortal = 08990D752C4591D1004A39DB /* Project object */;
			proxyType = 1;
			remoteGlobalIDString = 08990D7C2C4591D1004A39DB;
			remoteInfo = InfiniteScrollableCarousel;
		};
/* End PBXContainerItemProxy section */

/* Begin PBXFileReference section */
		08990D7D2C4591D1004A39DB /* InfiniteScrollableCarousel.app */ = {isa = PBXFileReference; explicitFileType = wrapper.application; includeInIndex = 0; path = InfiniteScrollableCarousel.app; sourceTree = BUILT_PRODUCTS_DIR; };
		08990D802C4591D1004A39DB /* InfiniteScrollableCarouselApp.swift */ = {isa = PBXFileReference; lastKnownFileType = sourcecode.swift; path = InfiniteScrollableCarouselApp.swift; sourceTree = "<group>"; };
		08990D822C4591D1004A39DB /* ContentView.swift */ = {isa = PBXFileReference; lastKnownFileType = sourcecode.swift; path = ContentView.swift; sourceTree = "<group>"; };
		08990D842C4591D2004A39DB /* Assets.xcassets */ = {isa = PBXFileReference; lastKnownFileType = folder.assetcatalog; path = Assets.xcassets; sourceTree = "<group>"; };
		08990D872C4591D2004A39DB /* Preview Assets.xcassets */ = {isa = PBXFileReference; lastKnownFileType = folder.assetcatalog; path = "Preview Assets.xcassets"; sourceTree = "<group>"; };
		08990D8D2C4591D3004A39DB /* InfiniteScrollableCarouselTests.xctest */ = {isa = PBXFileReference; explicitFileType = wrapper.cfbundle; includeInIndex = 0; path = InfiniteScrollableCarouselTests.xctest; sourceTree = BUILT_PRODUCTS_DIR; };
		08990D912C4591D3004A39DB /* InfiniteScrollableCarouselTests.swift */ = {isa = PBXFileReference; lastKnownFileType = sourcecode.swift; path = InfiniteScrollableCarouselTests.swift; sourceTree = "<group>"; };
		08990D972C4591D3004A39DB /* InfiniteScrollableCarouselUITests.xctest */ = {isa = PBXFileReference; explicitFileType = wrapper.cfbundle; includeInIndex = 0; path = InfiniteScrollableCarouselUITests.xctest; sourceTree = BUILT_PRODUCTS_DIR; };
		08990D9B2C4591D3004A39DB /* InfiniteScrollableCarouselUITests.swift */ = {isa = PBXFileReference; lastKnownFileType = sourcecode.swift; path = InfiniteScrollableCarouselUITests.swift; sourceTree = "<group>"; };
		08990D9D2C4591D3004A39DB /* InfiniteScrollableCarouselUITestsLaunchTests.swift */ = {isa = PBXFileReference; lastKnownFileType = sourcecode.swift; path = InfiniteScrollableCarouselUITestsLaunchTests.swift; sourceTree = "<group>"; };
		08990DAA2C4591F6004A39DB /* InfiniteScrollableCarousel.swift */ = {isa = PBXFileReference; lastKnownFileType = sourcecode.swift; path = InfiniteScrollableCarousel.swift; sourceTree = "<group>"; };
/* End PBXFileReference section */

/* Begin PBXFrameworksBuildPhase section */
		08990D7A2C4591D1004A39DB /* Frameworks */ = {
			isa = PBXFrameworksBuildPhase;
			buildActionMask = 2147483647;
			files = (
			);
			runOnlyForDeploymentPostprocessing = 0;
		};
		08990D8A2C4591D3004A39DB /* Frameworks */ = {
			isa = PBXFrameworksBuildPhase;
			buildActionMask = 2147483647;
			files = (
			);
			runOnlyForDeploymentPostprocessing = 0;
		};
		08990D942C4591D3004A39DB /* Frameworks */ = {
			isa = PBXFrameworksBuildPhase;
			buildActionMask = 2147483647;
			files = (
			);
			runOnlyForDeploymentPostprocessing = 0;
		};
/* End PBXFrameworksBuildPhase section */

/* Begin PBXGroup section */
		08990D742C4591D1004A39DB = {
			isa = PBXGroup;
			children = (
				08990D7F2C4591D1004A39DB /* InfiniteScrollableCarousel */,
				08990D902C4591D3004A39DB /* InfiniteScrollableCarouselTests */,
				08990D9A2C4591D3004A39DB /* InfiniteScrollableCarouselUITests */,
				08990D7E2C4591D1004A39DB /* Products */,
			);
			sourceTree = "<group>";
		};
		08990D7E2C4591D1004A39DB /* Products */ = {
			isa = PBXGroup;
			children = (
				08990D7D2C4591D1004A39DB /* InfiniteScrollableCarousel.app */,
				08990D8D2C4591D3004A39DB /* InfiniteScrollableCarouselTests.xctest */,
				08990D972C4591D3004A39DB /* InfiniteScrollableCarouselUITests.xctest */,
			);
			name = Products;
			sourceTree = "<group>";
		};
		08990D7F2C4591D1004A39DB /* InfiniteScrollableCarousel */ = {
			isa = PBXGroup;
			children = (
				08990D802C4591D1004A39DB /* InfiniteScrollableCarouselApp.swift */,
				08990D822C4591D1004A39DB /* ContentView.swift */,
				08990DAA2C4591F6004A39DB /* InfiniteScrollableCarousel.swift */,
				08990D842C4591D2004A39DB /* Assets.xcassets */,
				08990D862C4591D2004A39DB /* Preview Content */,
			);
			path = InfiniteScrollableCarousel;
			sourceTree = "<group>";
		};
		08990D862C4591D2004A39DB /* Preview Content */ = {
			isa = PBXGroup;
			children = (
				08990D872C4591D2004A39DB /* Preview Assets.xcassets */,
			);
			path = "Preview Content";
			sourceTree = "<group>";
		};
		08990D902C4591D3004A39DB /* InfiniteScrollableCarouselTests */ = {
			isa = PBXGroup;
			children = (
				08990D912C4591D3004A39DB /* InfiniteScrollableCarouselTests.swift */,
			);
			path = InfiniteScrollableCarouselTests;
			sourceTree = "<group>";
		};
		08990D9A2C4591D3004A39DB /* InfiniteScrollableCarouselUITests */ = {
			isa = PBXGroup;
			children = (
				08990D9B2C4591D3004A39DB /* InfiniteScrollableCarouselUITests.swift */,
				08990D9D2C4591D3004A39DB /* InfiniteScrollableCarouselUITestsLaunchTests.swift */,
			);
			path = InfiniteScrollableCarouselUITests;
			sourceTree = "<group>";
		};
/* End PBXGroup section */

/* Begin PBXNativeTarget section */
		08990D7C2C4591D1004A39DB /* InfiniteScrollableCarousel */ = {
			isa = PBXNativeTarget;
			buildConfigurationList = 08990DA12C4591D3004A39DB /* Build configuration list for PBXNativeTarget "InfiniteScrollableCarousel" */;
			buildPhases = (
				08990D792C4591D1004A39DB /* Sources */,
				08990D7A2C4591D1004A39DB /* Frameworks */,
				08990D7B2C4591D1004A39DB /* Resources */,
			);
			buildRules = (
			);
			dependencies = (
			);
			name = InfiniteScrollableCarousel;
			packageProductDependencies = (
			);
			productName = InfiniteScrollableCarousel;
			productReference = 08990D7D2C4591D1004A39DB /* InfiniteScrollableCarousel.app */;
			productType = "com.apple.product-type.application";
		};
		08990D8C2C4591D3004A39DB /* InfiniteScrollableCarouselTests */ = {
			isa = PBXNativeTarget;
			buildConfigurationList = 08990DA42C4591D3004A39DB /* Build configuration list for PBXNativeTarget "InfiniteScrollableCarouselTests" */;
			buildPhases = (
				08990D892C4591D3004A39DB /* Sources */,
				08990D8A2C4591D3004A39DB /* Frameworks */,
				08990D8B2C4591D3004A39DB /* Resources */,
			);
			buildRules = (
			);
			dependencies = (
				08990D8F2C4591D3004A39DB /* PBXTargetDependency */,
			);
			name = InfiniteScrollableCarouselTests;
			productName = InfiniteScrollableCarouselTests;
			productReference = 08990D8D2C4591D3004A39DB /* InfiniteScrollableCarouselTests.xctest */;
			productType = "com.apple.product-type.bundle.unit-test";
		};
		08990D962C4591D3004A39DB /* InfiniteScrollableCarouselUITests */ = {
			isa = PBXNativeTarget;
			buildConfigurationList = 08990DA72C4591D3004A39DB /* Build configuration list for PBXNativeTarget "InfiniteScrollableCarouselUITests" */;
			buildPhases = (
				08990D932C4591D3004A39DB /* Sources */,
				08990D942C4591D3004A39DB /* Frameworks */,
				08990D952C4591D3004A39DB /* Resources */,
			);
			buildRules = (
			);
			dependencies = (
				08990D992C4591D3004A39DB /* PBXTargetDependency */,
			);
			name = InfiniteScrollableCarouselUITests;
			productName = InfiniteScrollableCarouselUITests;
			productReference = 08990D972C4591D3004A39DB /* InfiniteScrollableCarouselUITests.xctest */;
			productType = "com.apple.product-type.bundle.ui-testing";
		};
/* End PBXNativeTarget section */

/* Begin PBXProject section */
		08990D752C4591D1004A39DB /* Project object */ = {
			isa = PBXProject;
			attributes = {
				BuildIndependentTargetsInParallel = 1;
				LastSwiftUpdateCheck = 1520;
				LastUpgradeCheck = 1520;
				TargetAttributes = {
					08990D7C2C4591D1004A39DB = {
						CreatedOnToolsVersion = 15.2;
					};
					08990D8C2C4591D3004A39DB = {
						CreatedOnToolsVersion = 15.2;
						TestTargetID = 08990D7C2C4591D1004A39DB;
					};
					08990D962C4591D3004A39DB = {
						CreatedOnToolsVersion = 15.2;
						TestTargetID = 08990D7C2C4591D1004A39DB;
					};
				};
			};
			buildConfigurationList = 08990D782C4591D1004A39DB /* Build configuration list for PBXProject "InfiniteScrollableCarousel" */;
			compatibilityVersion = "Xcode 14.0";
			developmentRegion = en;
			hasScannedForEncodings = 0;
			knownRegions = (
				en,
				Base,
			);
			mainGroup = 08990D742C4591D1004A39DB;
			packageReferences = (
			);
			productRefGroup = 08990D7E2C4591D1004A39DB /* Products */;
			projectDirPath = "";
			projectRoot = "";
			targets = (
				08990D7C2C4591D1004A39DB /* InfiniteScrollableCarousel */,
				08990D8C2C4591D3004A39DB /* InfiniteScrollableCarouselTests */,
				08990D962C4591D3004A39DB /* InfiniteScrollableCarouselUITests */,
			);
		};
/* End PBXProject section */

/* Begin PBXResourcesBuildPhase section */
		08990D7B2C4591D1004A39DB /* Resources */ = {
			isa = PBXResourcesBuildPhase;
			buildActionMask = 2147483647;
			files = (
				08990D882C4591D2004A39DB /* Preview Assets.xcassets in Resources */,
				08990D852C4591D2004A39DB /* Assets.xcassets in Resources */,
			);
			runOnlyForDeploymentPostprocessing = 0;
		};
		08990D8B2C4591D3004A39DB /* Resources */ = {
			isa = PBXResourcesBuildPhase;
			buildActionMask = 2147483647;
			files = (
			);
			runOnlyForDeploymentPostprocessing = 0;
		};
		08990D952C4591D3004A39DB /* Resources */ = {
			isa = PBXResourcesBuildPhase;
			buildActionMask = 2147483647;
			files = (
			);
			runOnlyForDeploymentPostprocessing = 0;
		};
/* End PBXResourcesBuildPhase section */

/* Begin PBXSourcesBuildPhase section */
		08990D792C4591D1004A39DB /* Sources */ = {
			isa = PBXSourcesBuildPhase;
			buildActionMask = 2147483647;
			files = (
				08990D832C4591D1004A39DB /* ContentView.swift in Sources */,
				08990D812C4591D1004A39DB /* InfiniteScrollableCarouselApp.swift in Sources */,
				08990DAB2C4591F6004A39DB /* InfiniteScrollableCarousel.swift in Sources */,
			);
			runOnlyForDeploymentPostprocessing = 0;
		};
		08990D892C4591D3004A39DB /* Sources */ = {
			isa = PBXSourcesBuildPhase;
			buildActionMask = 2147483647;
			files = (
				08990D922C4591D3004A39DB /* InfiniteScrollableCarouselTests.swift in Sources */,
			);
			runOnlyForDeploymentPostprocessing = 0;
		};
		08990D932C4591D3004A39DB /* Sources */ = {
			isa = PBXSourcesBuildPhase;
			buildActionMask = 2147483647;
			files = (
				08990D9C2C4591D3004A39DB /* InfiniteScrollableCarouselUITests.swift in Sources */,
				08990D9E2C4591D3004A39DB /* InfiniteScrollableCarouselUITestsLaunchTests.swift in Sources */,
			);
			runOnlyForDeploymentPostprocessing = 0;
		};
/* End PBXSourcesBuildPhase section */

/* Begin PBXTargetDependency section */
		08990D8F2C4591D3004A39DB /* PBXTargetDependency */ = {
			isa = PBXTargetDependency;
			target = 08990D7C2C4591D1004A39DB /* InfiniteScrollableCarousel */;
			targetProxy = 08990D8E2C4591D3004A39DB /* PBXContainerItemProxy */;
		};
		08990D992C4591D3004A39DB /* PBXTargetDependency */ = {
			isa = PBXTargetDependency;
			target = 08990D7C2C4591D1004A39DB /* InfiniteScrollableCarousel */;
			targetProxy = 08990D982C4591D3004A39DB /* PBXContainerItemProxy */;
		};
/* End PBXTargetDependency section */

/* Begin XCBuildConfiguration section */
		08990D9F2C4591D3004A39DB /* Debug */ = {
			isa = XCBuildConfiguration;
			buildSettings = {
				ALWAYS_SEARCH_USER_PATHS = NO;
				ASSETCATALOG_COMPILER_GENERATE_SWIFT_ASSET_SYMBOL_EXTENSIONS = YES;
				CLANG_ANALYZER_NONNULL = YES;
				CLANG_ANALYZER_NUMBER_OBJECT_CONVERSION = YES_AGGRESSIVE;
				CLANG_CXX_LANGUAGE_STANDARD = "gnu++20";
				CLANG_ENABLE_MODULES = YES;
				CLANG_ENABLE_OBJC_ARC = YES;
				CLANG_ENABLE_OBJC_WEAK = YES;
				CLANG_WARN_BLOCK_CAPTURE_AUTORELEASING = YES;
				CLANG_WARN_BOOL_CONVERSION = YES;
				CLANG_WARN_COMMA = YES;
				CLANG_WARN_CONSTANT_CONVERSION = YES;
				CLANG_WARN_DEPRECATED_OBJC_IMPLEMENTATIONS = YES;
				CLANG_WARN_DIRECT_OBJC_ISA_USAGE = YES_ERROR;
				CLANG_WARN_DOCUMENTATION_COMMENTS = YES;
				CLANG_WARN_EMPTY_BODY = YES;
				CLANG_WARN_ENUM_CONVERSION = YES;
				CLANG_WARN_INFINITE_RECURSION = YES;
				CLANG_WARN_INT_CONVERSION = YES;
				CLANG_WARN_NON_LITERAL_NULL_CONVERSION = YES;
				CLANG_WARN_OBJC_IMPLICIT_RETAIN_SELF = YES;
				CLANG_WARN_OBJC_LITERAL_CONVERSION = YES;
				CLANG_WARN_OBJC_ROOT_CLASS = YES_ERROR;
				CLANG_WARN_QUOTED_INCLUDE_IN_FRAMEWORK_HEADER = YES;
				CLANG_WARN_RANGE_LOOP_ANALYSIS = YES;
				CLANG_WARN_STRICT_PROTOTYPES = YES;
				CLANG_WARN_SUSPICIOUS_MOVE = YES;
				CLANG_WARN_UNGUARDED_AVAILABILITY = YES_AGGRESSIVE;
				CLANG_WARN_UNREACHABLE_CODE = YES;
				CLANG_WARN__DUPLICATE_METHOD_MATCH = YES;
				COPY_PHASE_STRIP = NO;
				DEBUG_INFORMATION_FORMAT = dwarf;
				ENABLE_STRICT_OBJC_MSGSEND = YES;
				ENABLE_TESTABILITY = YES;
				ENABLE_USER_SCRIPT_SANDBOXING = YES;
				GCC_C_LANGUAGE_STANDARD = gnu17;
				GCC_DYNAMIC_NO_PIC = NO;
				GCC_NO_COMMON_BLOCKS = YES;
				GCC_OPTIMIZATION_LEVEL = 0;
				GCC_PREPROCESSOR_DEFINITIONS = (
					"DEBUG=1",
					"$(inherited)",
				);
				GCC_WARN_64_TO_32_BIT_CONVERSION = YES;
				GCC_WARN_ABOUT_RETURN_TYPE = YES_ERROR;
				GCC_WARN_UNDECLARED_SELECTOR = YES;
				GCC_WARN_UNINITIALIZED_AUTOS = YES_AGGRESSIVE;
				GCC_WARN_UNUSED_FUNCTION = YES;
				GCC_WARN_UNUSED_VARIABLE = YES;
				IPHONEOS_DEPLOYMENT_TARGET = 17.2;
				LOCALIZATION_PREFERS_STRING_CATALOGS = YES;
				MTL_ENABLE_DEBUG_INFO = INCLUDE_SOURCE;
				MTL_FAST_MATH = YES;
				ONLY_ACTIVE_ARCH = YES;
				SDKROOT = iphoneos;
				SWIFT_ACTIVE_COMPILATION_CONDITIONS = "DEBUG $(inherited)";
				SWIFT_OPTIMIZATION_LEVEL = "-Onone";
			};
			name = Debug;
		};
		08990DA02C4591D3004A39DB /* Release */ = {
			isa = XCBuildConfiguration;
			buildSettings = {
				ALWAYS_SEARCH_USER_PATHS = NO;
				ASSETCATALOG_COMPILER_GENERATE_SWIFT_ASSET_SYMBOL_EXTENSIONS = YES;
				CLANG_ANALYZER_NONNULL = YES;
				CLANG_ANALYZER_NUMBER_OBJECT_CONVERSION = YES_AGGRESSIVE;
				CLANG_CXX_LANGUAGE_STANDARD = "gnu++20";
				CLANG_ENABLE_MODULES = YES;
				CLANG_ENABLE_OBJC_ARC = YES;
				CLANG_ENABLE_OBJC_WEAK = YES;
				CLANG_WARN_BLOCK_CAPTURE_AUTORELEASING = YES;
				CLANG_WARN_BOOL_CONVERSION = YES;
				CLANG_WARN_COMMA = YES;
				CLANG_WARN_CONSTANT_CONVERSION = YES;
				CLANG_WARN_DEPRECATED_OBJC_IMPLEMENTATIONS = YES;
				CLANG_WARN_DIRECT_OBJC_ISA_USAGE = YES_ERROR;
				CLANG_WARN_DOCUMENTATION_COMMENTS = YES;
				CLANG_WARN_EMPTY_BODY = YES;
				CLANG_WARN_ENUM_CONVERSION = YES;
				CLANG_WARN_INFINITE_RECURSION = YES;
				CLANG_WARN_INT_CONVERSION = YES;
				CLANG_WARN_NON_LITERAL_NULL_CONVERSION = YES;
				CLANG_WARN_OBJC_IMPLICIT_RETAIN_SELF = YES;
				CLANG_WARN_OBJC_LITERAL_CONVERSION = YES;
				CLANG_WARN_OBJC_ROOT_CLASS = YES_ERROR;
				CLANG_WARN_QUOTED_INCLUDE_IN_FRAMEWORK_HEADER = YES;
				CLANG_WARN_RANGE_LOOP_ANALYSIS = YES;
				CLANG_WARN_STRICT_PROTOTYPES = YES;
				CLANG_WARN_SUSPICIOUS_MOVE = YES;
				CLANG_WARN_UNGUARDED_AVAILABILITY = YES_AGGRESSIVE;
				CLANG_WARN_UNREACHABLE_CODE = YES;
				CLANG_WARN__DUPLICATE_METHOD_MATCH = YES;
				COPY_PHASE_STRIP = NO;
				DEBUG_INFORMATION_FORMAT = "dwarf-with-dsym";
				ENABLE_NS_ASSERTIONS = NO;
				ENABLE_STRICT_OBJC_MSGSEND = YES;
				ENABLE_USER_SCRIPT_SANDBOXING = YES;
				GCC_C_LANGUAGE_STANDARD = gnu17;
				GCC_NO_COMMON_BLOCKS = YES;
				GCC_WARN_64_TO_32_BIT_CONVERSION = YES;
				GCC_WARN_ABOUT_RETURN_TYPE = YES_ERROR;
				GCC_WARN_UNDECLARED_SELECTOR = YES;
				GCC_WARN_UNINITIALIZED_AUTOS = YES_AGGRESSIVE;
				GCC_WARN_UNUSED_FUNCTION = YES;
				GCC_WARN_UNUSED_VARIABLE = YES;
				IPHONEOS_DEPLOYMENT_TARGET = 17.2;
				LOCALIZATION_PREFERS_STRING_CATALOGS = YES;
				MTL_ENABLE_DEBUG_INFO = NO;
				MTL_FAST_MATH = YES;
				SDKROOT = iphoneos;
				SWIFT_COMPILATION_MODE = wholemodule;
				VALIDATE_PRODUCT = YES;
			};
			name = Release;
		};
		08990DA22C4591D3004A39DB /* Debug */ = {
			isa = XCBuildConfiguration;
			buildSettings = {
				ASSETCATALOG_COMPILER_APPICON_NAME = AppIcon;
				ASSETCATALOG_COMPILER_GLOBAL_ACCENT_COLOR_NAME = AccentColor;
				CODE_SIGN_STYLE = Automatic;
				CURRENT_PROJECT_VERSION = 1;
				DEVELOPMENT_ASSET_PATHS = "\"InfiniteScrollableCarousel/Preview Content\"";
				DEVELOPMENT_TEAM = ZHBDFWYD36;
				ENABLE_PREVIEWS = YES;
				GENERATE_INFOPLIST_FILE = YES;
				INFOPLIST_KEY_UIApplicationSceneManifest_Generation = YES;
				INFOPLIST_KEY_UIApplicationSupportsIndirectInputEvents = YES;
				INFOPLIST_KEY_UILaunchScreen_Generation = YES;
				INFOPLIST_KEY_UISupportedInterfaceOrientations_iPad = "UIInterfaceOrientationPortrait UIInterfaceOrientationPortraitUpsideDown UIInterfaceOrientationLandscapeLeft UIInterfaceOrientationLandscapeRight";
				INFOPLIST_KEY_UISupportedInterfaceOrientations_iPhone = "UIInterfaceOrientationPortrait UIInterfaceOrientationLandscapeLeft UIInterfaceOrientationLandscapeRight";
				LD_RUNPATH_SEARCH_PATHS = (
					"$(inherited)",
					"@executable_path/Frameworks",
				);
				MARKETING_VERSION = 1.0;
				PRODUCT_BUNDLE_IDENTIFIER = com.tdk0105.InfiniteScrollableCarousel;
				PRODUCT_NAME = "$(TARGET_NAME)";
				SWIFT_EMIT_LOC_STRINGS = YES;
				SWIFT_VERSION = 5.0;
				TARGETED_DEVICE_FAMILY = "1,2";
			};
			name = Debug;
		};
		08990DA32C4591D3004A39DB /* Release */ = {
			isa = XCBuildConfiguration;
			buildSettings = {
				ASSETCATALOG_COMPILER_APPICON_NAME = AppIcon;
				ASSETCATALOG_COMPILER_GLOBAL_ACCENT_COLOR_NAME = AccentColor;
				CODE_SIGN_STYLE = Automatic;
				CURRENT_PROJECT_VERSION = 1;
				DEVELOPMENT_ASSET_PATHS = "\"InfiniteScrollableCarousel/Preview Content\"";
				DEVELOPMENT_TEAM = ZHBDFWYD36;
				ENABLE_PREVIEWS = YES;
				GENERATE_INFOPLIST_FILE = YES;
				INFOPLIST_KEY_UIApplicationSceneManifest_Generation = YES;
				INFOPLIST_KEY_UIApplicationSupportsIndirectInputEvents = YES;
				INFOPLIST_KEY_UILaunchScreen_Generation = YES;
				INFOPLIST_KEY_UISupportedInterfaceOrientations_iPad = "UIInterfaceOrientationPortrait UIInterfaceOrientationPortraitUpsideDown UIInterfaceOrientationLandscapeLeft UIInterfaceOrientationLandscapeRight";
				INFOPLIST_KEY_UISupportedInterfaceOrientations_iPhone = "UIInterfaceOrientationPortrait UIInterfaceOrientationLandscapeLeft UIInterfaceOrientationLandscapeRight";
				LD_RUNPATH_SEARCH_PATHS = (
					"$(inherited)",
					"@executable_path/Frameworks",
				);
				MARKETING_VERSION = 1.0;
				PRODUCT_BUNDLE_IDENTIFIER = com.tdk0105.InfiniteScrollableCarousel;
				PRODUCT_NAME = "$(TARGET_NAME)";
				SWIFT_EMIT_LOC_STRINGS = YES;
				SWIFT_VERSION = 5.0;
				TARGETED_DEVICE_FAMILY = "1,2";
			};
			name = Release;
		};
		08990DA52C4591D3004A39DB /* Debug */ = {
			isa = XCBuildConfiguration;
			buildSettings = {
				ALWAYS_EMBED_SWIFT_STANDARD_LIBRARIES = YES;
				BUNDLE_LOADER = "$(TEST_HOST)";
				CODE_SIGN_STYLE = Automatic;
				CURRENT_PROJECT_VERSION = 1;
				DEVELOPMENT_TEAM = ZHBDFWYD36;
				GENERATE_INFOPLIST_FILE = YES;
				IPHONEOS_DEPLOYMENT_TARGET = 17.2;
				MARKETING_VERSION = 1.0;
				PRODUCT_BUNDLE_IDENTIFIER = com.tdk0105.InfiniteScrollableCarouselTests;
				PRODUCT_NAME = "$(TARGET_NAME)";
				SWIFT_EMIT_LOC_STRINGS = NO;
				SWIFT_VERSION = 5.0;
				TARGETED_DEVICE_FAMILY = "1,2";
				TEST_HOST = "$(BUILT_PRODUCTS_DIR)/InfiniteScrollableCarousel.app/$(BUNDLE_EXECUTABLE_FOLDER_PATH)/InfiniteScrollableCarousel";
			};
			name = Debug;
		};
		08990DA62C4591D3004A39DB /* Release */ = {
			isa = XCBuildConfiguration;
			buildSettings = {
				ALWAYS_EMBED_SWIFT_STANDARD_LIBRARIES = YES;
				BUNDLE_LOADER = "$(TEST_HOST)";
				CODE_SIGN_STYLE = Automatic;
				CURRENT_PROJECT_VERSION = 1;
				DEVELOPMENT_TEAM = ZHBDFWYD36;
				GENERATE_INFOPLIST_FILE = YES;
				IPHONEOS_DEPLOYMENT_TARGET = 17.2;
				MARKETING_VERSION = 1.0;
				PRODUCT_BUNDLE_IDENTIFIER = com.tdk0105.InfiniteScrollableCarouselTests;
				PRODUCT_NAME = "$(TARGET_NAME)";
				SWIFT_EMIT_LOC_STRINGS = NO;
				SWIFT_VERSION = 5.0;
				TARGETED_DEVICE_FAMILY = "1,2";
				TEST_HOST = "$(BUILT_PRODUCTS_DIR)/InfiniteScrollableCarousel.app/$(BUNDLE_EXECUTABLE_FOLDER_PATH)/InfiniteScrollableCarousel";
			};
			name = Release;
		};
		08990DA82C4591D3004A39DB /* Debug */ = {
			isa = XCBuildConfiguration;
			buildSettings = {
				ALWAYS_EMBED_SWIFT_STANDARD_LIBRARIES = YES;
				CODE_SIGN_STYLE = Automatic;
				CURRENT_PROJECT_VERSION = 1;
				DEVELOPMENT_TEAM = ZHBDFWYD36;
				GENERATE_INFOPLIST_FILE = YES;
				MARKETING_VERSION = 1.0;
				PRODUCT_BUNDLE_IDENTIFIER = com.tdk0105.InfiniteScrollableCarouselUITests;
				PRODUCT_NAME = "$(TARGET_NAME)";
				SWIFT_EMIT_LOC_STRINGS = NO;
				SWIFT_VERSION = 5.0;
				TARGETED_DEVICE_FAMILY = "1,2";
				TEST_TARGET_NAME = InfiniteScrollableCarousel;
			};
			name = Debug;
		};
		08990DA92C4591D3004A39DB /* Release */ = {
			isa = XCBuildConfiguration;
			buildSettings = {
				ALWAYS_EMBED_SWIFT_STANDARD_LIBRARIES = YES;
				CODE_SIGN_STYLE = Automatic;
				CURRENT_PROJECT_VERSION = 1;
				DEVELOPMENT_TEAM = ZHBDFWYD36;
				GENERATE_INFOPLIST_FILE = YES;
				MARKETING_VERSION = 1.0;
				PRODUCT_BUNDLE_IDENTIFIER = com.tdk0105.InfiniteScrollableCarouselUITests;
				PRODUCT_NAME = "$(TARGET_NAME)";
				SWIFT_EMIT_LOC_STRINGS = NO;
				SWIFT_VERSION = 5.0;
				TARGETED_DEVICE_FAMILY = "1,2";
				TEST_TARGET_NAME = InfiniteScrollableCarousel;
			};
			name = Release;
		};
/* End XCBuildConfiguration section */

/* Begin XCConfigurationList section */
		08990D782C4591D1004A39DB /* Build configuration list for PBXProject "InfiniteScrollableCarousel" */ = {
			isa = XCConfigurationList;
			buildConfigurations = (
				08990D9F2C4591D3004A39DB /* Debug */,
				08990DA02C4591D3004A39DB /* Release */,
			);
			defaultConfigurationIsVisible = 0;
			defaultConfigurationName = Release;
		};
		08990DA12C4591D3004A39DB /* Build configuration list for PBXNativeTarget "InfiniteScrollableCarousel" */ = {
			isa = XCConfigurationList;
			buildConfigurations = (
				08990DA22C4591D3004A39DB /* Debug */,
				08990DA32C4591D3004A39DB /* Release */,
			);
			defaultConfigurationIsVisible = 0;
			defaultConfigurationName = Release;
		};
		08990DA42C4591D3004A39DB /* Build configuration list for PBXNativeTarget "InfiniteScrollableCarouselTests" */ = {
			isa = XCConfigurationList;
			buildConfigurations = (
				08990DA52C4591D3004A39DB /* Debug */,
				08990DA62C4591D3004A39DB /* Release */,
			);
			defaultConfigurationIsVisible = 0;
			defaultConfigurationName = Release;
		};
		08990DA72C4591D3004A39DB /* Build configuration list for PBXNativeTarget "InfiniteScrollableCarouselUITests" */ = {
			isa = XCConfigurationList;
			buildConfigurations = (
				08990DA82C4591D3004A39DB /* Debug */,
				08990DA92C4591D3004A39DB /* Release */,
			);
			defaultConfigurationIsVisible = 0;
			defaultConfigurationName = Release;
		};
/* End XCConfigurationList section */
	};
	rootObject = 08990D752C4591D1004A39DB /* Project object */;
}
